// !$*UTF8*$!
{
	archiveVersion = 1;
	classes = {
	};
	objectVersion = 48;
	objects = {

/* Begin PBXBuildFile section */
		952839BC1F34FFB400D47CFD /* UIImageViewX.swift in Sources */ = {isa = PBXBuildFile; fileRef = 952839BB1F34FFB400D47CFD /* UIImageViewX.swift */; };
		95EBCFFE1F34F77700B76491 /* AppDelegate.swift in Sources */ = {isa = PBXBuildFile; fileRef = 95EBCFFD1F34F77700B76491 /* AppDelegate.swift */; };
		95EBD0001F34F77700B76491 /* CameraVC.swift in Sources */ = {isa = PBXBuildFile; fileRef = 95EBCFFF1F34F77700B76491 /* CameraVC.swift */; };
		95EBD0031F34F77700B76491 /* Main.storyboard in Resources */ = {isa = PBXBuildFile; fileRef = 95EBD0011F34F77700B76491 /* Main.storyboard */; };
		95EBD0051F34F77700B76491 /* Assets.xcassets in Resources */ = {isa = PBXBuildFile; fileRef = 95EBD0041F34F77700B76491 /* Assets.xcassets */; };
		95EBD0081F34F77700B76491 /* LaunchScreen.storyboard in Resources */ = {isa = PBXBuildFile; fileRef = 95EBD0061F34F77700B76491 /* LaunchScreen.storyboard */; };
		95EBD0131F34F77800B76491 /* whatsThatTests.swift in Sources */ = {isa = PBXBuildFile; fileRef = 95EBD0121F34F77800B76491 /* whatsThatTests.swift */; };
		95EBD01E1F34F77800B76491 /* whatsThatUITests.swift in Sources */ = {isa = PBXBuildFile; fileRef = 95EBD01D1F34F77800B76491 /* whatsThatUITests.swift */; };
		95EBD02C1F34F7B000B76491 /* UIViewX.swift in Sources */ = {isa = PBXBuildFile; fileRef = 95EBD02B1F34F7B000B76491 /* UIViewX.swift */; };
/* End PBXBuildFile section */

/* Begin PBXContainerItemProxy section */
		95EBD00F1F34F77800B76491 /* PBXContainerItemProxy */ = {
			isa = PBXContainerItemProxy;
			containerPortal = 95EBCFF21F34F77700B76491 /* Project object */;
			proxyType = 1;
			remoteGlobalIDString = 95EBCFF91F34F77700B76491;
			remoteInfo = whatsThat;
		};
		95EBD01A1F34F77800B76491 /* PBXContainerItemProxy */ = {
			isa = PBXContainerItemProxy;
			containerPortal = 95EBCFF21F34F77700B76491 /* Project object */;
			proxyType = 1;
			remoteGlobalIDString = 95EBCFF91F34F77700B76491;
			remoteInfo = whatsThat;
		};
/* End PBXContainerItemProxy section */

/* Begin PBXFileReference section */
		952839BB1F34FFB400D47CFD /* UIImageViewX.swift */ = {isa = PBXFileReference; lastKnownFileType = sourcecode.swift; path = UIImageViewX.swift; sourceTree = "<group>"; };
		95EBCFFA1F34F77700B76491 /* whatsThat.app */ = {isa = PBXFileReference; explicitFileType = wrapper.application; includeInIndex = 0; path = whatsThat.app; sourceTree = BUILT_PRODUCTS_DIR; };
		95EBCFFD1F34F77700B76491 /* AppDelegate.swift */ = {isa = PBXFileReference; lastKnownFileType = sourcecode.swift; path = AppDelegate.swift; sourceTree = "<group>"; };
		95EBCFFF1F34F77700B76491 /* CameraVC.swift */ = {isa = PBXFileReference; lastKnownFileType = sourcecode.swift; path = CameraVC.swift; sourceTree = "<group>"; };
		95EBD0021F34F77700B76491 /* Base */ = {isa = PBXFileReference; lastKnownFileType = file.storyboard; name = Base; path = Base.lproj/Main.storyboard; sourceTree = "<group>"; };
		95EBD0041F34F77700B76491 /* Assets.xcassets */ = {isa = PBXFileReference; lastKnownFileType = folder.assetcatalog; path = Assets.xcassets; sourceTree = "<group>"; };
		95EBD0071F34F77700B76491 /* Base */ = {isa = PBXFileReference; lastKnownFileType = file.storyboard; name = Base; path = Base.lproj/LaunchScreen.storyboard; sourceTree = "<group>"; };
		95EBD0091F34F77700B76491 /* Info.plist */ = {isa = PBXFileReference; lastKnownFileType = text.plist.xml; path = Info.plist; sourceTree = "<group>"; };
		95EBD00E1F34F77800B76491 /* whatsThatTests.xctest */ = {isa = PBXFileReference; explicitFileType = wrapper.cfbundle; includeInIndex = 0; path = whatsThatTests.xctest; sourceTree = BUILT_PRODUCTS_DIR; };
		95EBD0121F34F77800B76491 /* whatsThatTests.swift */ = {isa = PBXFileReference; lastKnownFileType = sourcecode.swift; path = whatsThatTests.swift; sourceTree = "<group>"; };
		95EBD0141F34F77800B76491 /* Info.plist */ = {isa = PBXFileReference; lastKnownFileType = text.plist.xml; path = Info.plist; sourceTree = "<group>"; };
		95EBD0191F34F77800B76491 /* whatsThatUITests.xctest */ = {isa = PBXFileReference; explicitFileType = wrapper.cfbundle; includeInIndex = 0; path = whatsThatUITests.xctest; sourceTree = BUILT_PRODUCTS_DIR; };
		95EBD01D1F34F77800B76491 /* whatsThatUITests.swift */ = {isa = PBXFileReference; lastKnownFileType = sourcecode.swift; path = whatsThatUITests.swift; sourceTree = "<group>"; };
		95EBD01F1F34F77800B76491 /* Info.plist */ = {isa = PBXFileReference; lastKnownFileType = text.plist.xml; path = Info.plist; sourceTree = "<group>"; };
		95EBD02B1F34F7B000B76491 /* UIViewX.swift */ = {isa = PBXFileReference; lastKnownFileType = sourcecode.swift; path = UIViewX.swift; sourceTree = "<group>"; };
/* End PBXFileReference section */

/* Begin PBXFrameworksBuildPhase section */
		95EBCFF71F34F77700B76491 /* Frameworks */ = {
			isa = PBXFrameworksBuildPhase;
			buildActionMask = 2147483647;
			files = (
			);
			runOnlyForDeploymentPostprocessing = 0;
		};
		95EBD00B1F34F77800B76491 /* Frameworks */ = {
			isa = PBXFrameworksBuildPhase;
			buildActionMask = 2147483647;
			files = (
			);
			runOnlyForDeploymentPostprocessing = 0;
		};
		95EBD0161F34F77800B76491 /* Frameworks */ = {
			isa = PBXFrameworksBuildPhase;
			buildActionMask = 2147483647;
			files = (
			);
			runOnlyForDeploymentPostprocessing = 0;
		};
/* End PBXFrameworksBuildPhase section */

/* Begin PBXGroup section */
		955B1C0C1F34FEE9004899E7 /* Controller */ = {
			isa = PBXGroup;
			children = (
				95EBCFFF1F34F77700B76491 /* CameraVC.swift */,
			);
			path = Controller;
			sourceTree = "<group>";
		};
		955B1C0D1F34FEF2004899E7 /* View */ = {
			isa = PBXGroup;
			children = (
				95EBD02B1F34F7B000B76491 /* UIViewX.swift */,
				952839BB1F34FFB400D47CFD /* UIImageViewX.swift */,
			);
			path = View;
			sourceTree = "<group>";
		};
		955B1C0E1F34FEF8004899E7 /* Model */ = {
			isa = PBXGroup;
			children = (
			);
			path = Model;
			sourceTree = "<group>";
		};
		955B1C0F1F34FEFC004899E7 /* Resources */ = {
			isa = PBXGroup;
			children = (
			);
			path = Resources;
			sourceTree = "<group>";
		};
		95EBCFF11F34F77700B76491 = {
			isa = PBXGroup;
			children = (
				95EBCFFC1F34F77700B76491 /* whatsThat */,
				95EBD0111F34F77800B76491 /* whatsThatTests */,
				95EBD01C1F34F77800B76491 /* whatsThatUITests */,
				95EBCFFB1F34F77700B76491 /* Products */,
			);
			sourceTree = "<group>";
		};
		95EBCFFB1F34F77700B76491 /* Products */ = {
			isa = PBXGroup;
			children = (
				95EBCFFA1F34F77700B76491 /* whatsThat.app */,
				95EBD00E1F34F77800B76491 /* whatsThatTests.xctest */,
				95EBD0191F34F77800B76491 /* whatsThatUITests.xctest */,
			);
			name = Products;
			sourceTree = "<group>";
		};
		95EBCFFC1F34F77700B76491 /* whatsThat */ = {
			isa = PBXGroup;
			children = (
				955B1C0F1F34FEFC004899E7 /* Resources */,
				955B1C0E1F34FEF8004899E7 /* Model */,
				955B1C0D1F34FEF2004899E7 /* View */,
				955B1C0C1F34FEE9004899E7 /* Controller */,
				95EBCFFD1F34F77700B76491 /* AppDelegate.swift */,
				95EBD0011F34F77700B76491 /* Main.storyboard */,
				95EBD0041F34F77700B76491 /* Assets.xcassets */,
				95EBD0061F34F77700B76491 /* LaunchScreen.storyboard */,
				95EBD0091F34F77700B76491 /* Info.plist */,
			);
			path = whatsThat;
			sourceTree = "<group>";
		};
		95EBD0111F34F77800B76491 /* whatsThatTests */ = {
			isa = PBXGroup;
			children = (
				95EBD0121F34F77800B76491 /* whatsThatTests.swift */,
				95EBD0141F34F77800B76491 /* Info.plist */,
			);
			path = whatsThatTests;
			sourceTree = "<group>";
		};
		95EBD01C1F34F77800B76491 /* whatsThatUITests */ = {
			isa = PBXGroup;
			children = (
				95EBD01D1F34F77800B76491 /* whatsThatUITests.swift */,
				95EBD01F1F34F77800B76491 /* Info.plist */,
			);
			path = whatsThatUITests;
			sourceTree = "<group>";
		};
/* End PBXGroup section */

/* Begin PBXNativeTarget section */
		95EBCFF91F34F77700B76491 /* whatsThat */ = {
			isa = PBXNativeTarget;
			buildConfigurationList = 95EBD0221F34F77800B76491 /* Build configuration list for PBXNativeTarget "whatsThat" */;
			buildPhases = (
				95EBCFF61F34F77700B76491 /* Sources */,
				95EBCFF71F34F77700B76491 /* Frameworks */,
				95EBCFF81F34F77700B76491 /* Resources */,
			);
			buildRules = (
			);
			dependencies = (
			);
			name = whatsThat;
			productName = whatsThat;
			productReference = 95EBCFFA1F34F77700B76491 /* whatsThat.app */;
			productType = "com.apple.product-type.application";
		};
		95EBD00D1F34F77800B76491 /* whatsThatTests */ = {
			isa = PBXNativeTarget;
			buildConfigurationList = 95EBD0251F34F77800B76491 /* Build configuration list for PBXNativeTarget "whatsThatTests" */;
			buildPhases = (
				95EBD00A1F34F77800B76491 /* Sources */,
				95EBD00B1F34F77800B76491 /* Frameworks */,
				95EBD00C1F34F77800B76491 /* Resources */,
			);
			buildRules = (
			);
			dependencies = (
				95EBD0101F34F77800B76491 /* PBXTargetDependency */,
			);
			name = whatsThatTests;
			productName = whatsThatTests;
			productReference = 95EBD00E1F34F77800B76491 /* whatsThatTests.xctest */;
			productType = "com.apple.product-type.bundle.unit-test";
		};
		95EBD0181F34F77800B76491 /* whatsThatUITests */ = {
			isa = PBXNativeTarget;
			buildConfigurationList = 95EBD0281F34F77800B76491 /* Build configuration list for PBXNativeTarget "whatsThatUITests" */;
			buildPhases = (
				95EBD0151F34F77800B76491 /* Sources */,
				95EBD0161F34F77800B76491 /* Frameworks */,
				95EBD0171F34F77800B76491 /* Resources */,
			);
			buildRules = (
			);
			dependencies = (
				95EBD01B1F34F77800B76491 /* PBXTargetDependency */,
			);
			name = whatsThatUITests;
			productName = whatsThatUITests;
			productReference = 95EBD0191F34F77800B76491 /* whatsThatUITests.xctest */;
			productType = "com.apple.product-type.bundle.ui-testing";
		};
/* End PBXNativeTarget section */

/* Begin PBXProject section */
		95EBCFF21F34F77700B76491 /* Project object */ = {
			isa = PBXProject;
			attributes = {
				LastSwiftUpdateCheck = 0900;
				LastUpgradeCheck = 0900;
				ORGANIZATIONNAME = "Olteanu Andrei";
				TargetAttributes = {
					95EBCFF91F34F77700B76491 = {
						CreatedOnToolsVersion = 9.0;
					};
					95EBD00D1F34F77800B76491 = {
						CreatedOnToolsVersion = 9.0;
						TestTargetID = 95EBCFF91F34F77700B76491;
					};
					95EBD0181F34F77800B76491 = {
						CreatedOnToolsVersion = 9.0;
						TestTargetID = 95EBCFF91F34F77700B76491;
					};
				};
			};
			buildConfigurationList = 95EBCFF51F34F77700B76491 /* Build configuration list for PBXProject "whatsThat" */;
			compatibilityVersion = "Xcode 8.0";
			developmentRegion = en;
			hasScannedForEncodings = 0;
			knownRegions = (
				en,
				Base,
			);
			mainGroup = 95EBCFF11F34F77700B76491;
			productRefGroup = 95EBCFFB1F34F77700B76491 /* Products */;
			projectDirPath = "";
			projectRoot = "";
			targets = (
				95EBCFF91F34F77700B76491 /* whatsThat */,
				95EBD00D1F34F77800B76491 /* whatsThatTests */,
				95EBD0181F34F77800B76491 /* whatsThatUITests */,
			);
		};
/* End PBXProject section */

/* Begin PBXResourcesBuildPhase section */
		95EBCFF81F34F77700B76491 /* Resources */ = {
			isa = PBXResourcesBuildPhase;
			buildActionMask = 2147483647;
			files = (
				95EBD0081F34F77700B76491 /* LaunchScreen.storyboard in Resources */,
				95EBD0051F34F77700B76491 /* Assets.xcassets in Resources */,
				95EBD0031F34F77700B76491 /* Main.storyboard in Resources */,
			);
			runOnlyForDeploymentPostprocessing = 0;
		};
		95EBD00C1F34F77800B76491 /* Resources */ = {
			isa = PBXResourcesBuildPhase;
			buildActionMask = 2147483647;
			files = (
			);
			runOnlyForDeploymentPostprocessing = 0;
		};
		95EBD0171F34F77800B76491 /* Resources */ = {
			isa = PBXResourcesBuildPhase;
			buildActionMask = 2147483647;
			files = (
			);
			runOnlyForDeploymentPostprocessing = 0;
		};
/* End PBXResourcesBuildPhase section */

/* Begin PBXSourcesBuildPhase section */
		95EBCFF61F34F77700B76491 /* Sources */ = {
			isa = PBXSourcesBuildPhase;
			buildActionMask = 2147483647;
			files = (
				95EBD0001F34F77700B76491 /* CameraVC.swift in Sources */,
				952839BC1F34FFB400D47CFD /* UIImageViewX.swift in Sources */,
				95EBCFFE1F34F77700B76491 /* AppDelegate.swift in Sources */,
				95EBD02C1F34F7B000B76491 /* UIViewX.swift in Sources */,
			);
			runOnlyForDeploymentPostprocessing = 0;
		};
		95EBD00A1F34F77800B76491 /* Sources */ = {
			isa = PBXSourcesBuildPhase;
			buildActionMask = 2147483647;
			files = (
				95EBD0131F34F77800B76491 /* whatsThatTests.swift in Sources */,
			);
			runOnlyForDeploymentPostprocessing = 0;
		};
		95EBD0151F34F77800B76491 /* Sources */ = {
			isa = PBXSourcesBuildPhase;
			buildActionMask = 2147483647;
			files = (
				95EBD01E1F34F77800B76491 /* whatsThatUITests.swift in Sources */,
			);
			runOnlyForDeploymentPostprocessing = 0;
		};
/* End PBXSourcesBuildPhase section */

/* Begin PBXTargetDependency section */
		95EBD0101F34F77800B76491 /* PBXTargetDependency */ = {
			isa = PBXTargetDependency;
			target = 95EBCFF91F34F77700B76491 /* whatsThat */;
			targetProxy = 95EBD00F1F34F77800B76491 /* PBXContainerItemProxy */;
		};
		95EBD01B1F34F77800B76491 /* PBXTargetDependency */ = {
			isa = PBXTargetDependency;
			target = 95EBCFF91F34F77700B76491 /* whatsThat */;
			targetProxy = 95EBD01A1F34F77800B76491 /* PBXContainerItemProxy */;
		};
/* End PBXTargetDependency section */

/* Begin PBXVariantGroup section */
		95EBD0011F34F77700B76491 /* Main.storyboard */ = {
			isa = PBXVariantGroup;
			children = (
				95EBD0021F34F77700B76491 /* Base */,
			);
			name = Main.storyboard;
			sourceTree = "<group>";
		};
		95EBD0061F34F77700B76491 /* LaunchScreen.storyboard */ = {
			isa = PBXVariantGroup;
			children = (
				95EBD0071F34F77700B76491 /* Base */,
			);
			name = LaunchScreen.storyboard;
			sourceTree = "<group>";
		};
/* End PBXVariantGroup section */

/* Begin XCBuildConfiguration section */
		95EBD0201F34F77800B76491 /* Debug */ = {
			isa = XCBuildConfiguration;
			buildSettings = {
				ALWAYS_SEARCH_USER_PATHS = NO;
				CLANG_ANALYZER_NONNULL = YES;
				CLANG_ANALYZER_NUMBER_OBJECT_CONVERSION = YES_AGGRESSIVE;
				CLANG_CXX_LANGUAGE_STANDARD = "gnu++14";
				CLANG_CXX_LIBRARY = "libc++";
				CLANG_ENABLE_MODULES = YES;
				CLANG_ENABLE_OBJC_ARC = YES;
				CLANG_WARN_BLOCK_CAPTURE_AUTORELEASING = YES;
				CLANG_WARN_BOOL_CONVERSION = YES;
				CLANG_WARN_COMMA = YES;
				CLANG_WARN_CONSTANT_CONVERSION = YES;
				CLANG_WARN_DIRECT_OBJC_ISA_USAGE = YES_ERROR;
				CLANG_WARN_DOCUMENTATION_COMMENTS = YES;
				CLANG_WARN_EMPTY_BODY = YES;
				CLANG_WARN_ENUM_CONVERSION = YES;
				CLANG_WARN_INFINITE_RECURSION = YES;
				CLANG_WARN_INT_CONVERSION = YES;
				CLANG_WARN_NON_LITERAL_NULL_CONVERSION = YES;
				CLANG_WARN_OBJC_LITERAL_CONVERSION = YES;
				CLANG_WARN_OBJC_ROOT_CLASS = YES_ERROR;
				CLANG_WARN_RANGE_LOOP_ANALYSIS = YES;
				CLANG_WARN_STRICT_PROTOTYPES = YES;
				CLANG_WARN_SUSPICIOUS_MOVE = YES;
				CLANG_WARN_UNGUARDED_AVAILABILITY = YES_AGGRESSIVE;
				CLANG_WARN_UNREACHABLE_CODE = YES;
				CLANG_WARN__DUPLICATE_METHOD_MATCH = YES;
				CODE_SIGN_IDENTITY = "iPhone Developer";
				COPY_PHASE_STRIP = NO;
				DEBUG_INFORMATION_FORMAT = dwarf;
				ENABLE_STRICT_OBJC_MSGSEND = YES;
				ENABLE_TESTABILITY = YES;
				GCC_C_LANGUAGE_STANDARD = gnu11;
				GCC_DYNAMIC_NO_PIC = NO;
				GCC_NO_COMMON_BLOCKS = YES;
				GCC_OPTIMIZATION_LEVEL = 0;
				GCC_PREPROCESSOR_DEFINITIONS = (
					"DEBUG=1",
					"$(inherited)",
				);
				GCC_WARN_64_TO_32_BIT_CONVERSION = YES;
				GCC_WARN_ABOUT_RETURN_TYPE = YES_ERROR;
				GCC_WARN_UNDECLARED_SELECTOR = YES;
				GCC_WARN_UNINITIALIZED_AUTOS = YES_AGGRESSIVE;
				GCC_WARN_UNUSED_FUNCTION = YES;
				GCC_WARN_UNUSED_VARIABLE = YES;
				IPHONEOS_DEPLOYMENT_TARGET = 11.0;
				MTL_ENABLE_DEBUG_INFO = YES;
				ONLY_ACTIVE_ARCH = YES;
				SDKROOT = iphoneos;
				SWIFT_ACTIVE_COMPILATION_CONDITIONS = DEBUG;
				SWIFT_OPTIMIZATION_LEVEL = "-Onone";
			};
			name = Debug;
		};
		95EBD0211F34F77800B76491 /* Release */ = {
			isa = XCBuildConfiguration;
			buildSettings = {
				ALWAYS_SEARCH_USER_PATHS = NO;
				CLANG_ANALYZER_NONNULL = YES;
				CLANG_ANALYZER_NUMBER_OBJECT_CONVERSION = YES_AGGRESSIVE;
				CLANG_CXX_LANGUAGE_STANDARD = "gnu++14";
				CLANG_CXX_LIBRARY = "libc++";
				CLANG_ENABLE_MODULES = YES;
				CLANG_ENABLE_OBJC_ARC = YES;
				CLANG_WARN_BLOCK_CAPTURE_AUTORELEASING = YES;
				CLANG_WARN_BOOL_CONVERSION = YES;
				CLANG_WARN_COMMA = YES;
				CLANG_WARN_CONSTANT_CONVERSION = YES;
				CLANG_WARN_DIRECT_OBJC_ISA_USAGE = YES_ERROR;
				CLANG_WARN_DOCUMENTATION_COMMENTS = YES;
				CLANG_WARN_EMPTY_BODY = YES;
				CLANG_WARN_ENUM_CONVERSION = YES;
				CLANG_WARN_INFINITE_RECURSION = YES;
				CLANG_WARN_INT_CONVERSION = YES;
				CLANG_WARN_NON_LITERAL_NULL_CONVERSION = YES;
				CLANG_WARN_OBJC_LITERAL_CONVERSION = YES;
				CLANG_WARN_OBJC_ROOT_CLASS = YES_ERROR;
				CLANG_WARN_RANGE_LOOP_ANALYSIS = YES;
				CLANG_WARN_STRICT_PROTOTYPES = YES;
				CLANG_WARN_SUSPICIOUS_MOVE = YES;
				CLANG_WARN_UNGUARDED_AVAILABILITY = YES_AGGRESSIVE;
				CLANG_WARN_UNREACHABLE_CODE = YES;
				CLANG_WARN__DUPLICATE_METHOD_MATCH = YES;
				CODE_SIGN_IDENTITY = "iPhone Developer";
				COPY_PHASE_STRIP = NO;
				DEBUG_INFORMATION_FORMAT = "dwarf-with-dsym";
				ENABLE_NS_ASSERTIONS = NO;
				ENABLE_STRICT_OBJC_MSGSEND = YES;
				GCC_C_LANGUAGE_STANDARD = gnu11;
				GCC_NO_COMMON_BLOCKS = YES;
				GCC_WARN_64_TO_32_BIT_CONVERSION = YES;
				GCC_WARN_ABOUT_RETURN_TYPE = YES_ERROR;
				GCC_WARN_UNDECLARED_SELECTOR = YES;
				GCC_WARN_UNINITIALIZED_AUTOS = YES_AGGRESSIVE;
				GCC_WARN_UNUSED_FUNCTION = YES;
				GCC_WARN_UNUSED_VARIABLE = YES;
				IPHONEOS_DEPLOYMENT_TARGET = 11.0;
				MTL_ENABLE_DEBUG_INFO = NO;
				SDKROOT = iphoneos;
				SWIFT_OPTIMIZATION_LEVEL = "-Owholemodule";
				VALIDATE_PRODUCT = YES;
			};
			name = Release;
		};
		95EBD0231F34F77800B76491 /* Debug */ = {
			isa = XCBuildConfiguration;
			buildSettings = {
				ASSETCATALOG_COMPILER_APPICON_NAME = AppIcon;
				DEVELOPMENT_TEAM = 945V6ZBHK3;
				INFOPLIST_FILE = whatsThat/Info.plist;
				IPHONEOS_DEPLOYMENT_TARGET = 10.0;
				LD_RUNPATH_SEARCH_PATHS = "$(inherited) @executable_path/Frameworks";
				PRODUCT_BUNDLE_IDENTIFIER = com.andreio.whatsThat;
				PRODUCT_NAME = "$(TARGET_NAME)";
				SWIFT_VERSION = 4.0;
				TARGETED_DEVICE_FAMILY = "1,2";
			};
			name = Debug;
		};
		95EBD0241F34F77800B76491 /* Release */ = {
			isa = XCBuildConfiguration;
			buildSettings = {
				ASSETCATALOG_COMPILER_APPICON_NAME = AppIcon;
				DEVELOPMENT_TEAM = 945V6ZBHK3;
				INFOPLIST_FILE = whatsThat/Info.plist;
				IPHONEOS_DEPLOYMENT_TARGET = 10.0;
				LD_RUNPATH_SEARCH_PATHS = "$(inherited) @executable_path/Frameworks";
				PRODUCT_BUNDLE_IDENTIFIER = com.andreio.whatsThat;
				PRODUCT_NAME = "$(TARGET_NAME)";
				SWIFT_VERSION = 4.0;
				TARGETED_DEVICE_FAMILY = "1,2";
			};
			name = Release;
		};
		95EBD0261F34F77800B76491 /* Debug */ = {
			isa = XCBuildConfiguration;
			buildSettings = {
				ALWAYS_EMBED_SWIFT_STANDARD_LIBRARIES = YES;
				BUNDLE_LOADER = "$(TEST_HOST)";
				DEVELOPMENT_TEAM = 945V6ZBHK3;
				INFOPLIST_FILE = whatsThatTests/Info.plist;
				LD_RUNPATH_SEARCH_PATHS = "$(inherited) @executable_path/Frameworks @loader_path/Frameworks";
				PRODUCT_BUNDLE_IDENTIFIER = com.andreio.whatsThatTests;
				PRODUCT_NAME = "$(TARGET_NAME)";
				SWIFT_VERSION = 4.0;
				TARGETED_DEVICE_FAMILY = "1,2";
				TEST_HOST = "$(BUILT_PRODUCTS_DIR)/whatsThat.app/whatsThat";
			};
			name = Debug;
		};
		95EBD0271F34F77800B76491 /* Release */ = {
			isa = XCBuildConfiguration;
			buildSettings = {
				ALWAYS_EMBED_SWIFT_STANDARD_LIBRARIES = YES;
				BUNDLE_LOADER = "$(TEST_HOST)";
				DEVELOPMENT_TEAM = 945V6ZBHK3;
				INFOPLIST_FILE = whatsThatTests/Info.plist;
				LD_RUNPATH_SEARCH_PATHS = "$(inherited) @executable_path/Frameworks @loader_path/Frameworks";
				PRODUCT_BUNDLE_IDENTIFIER = com.andreio.whatsThatTests;
				PRODUCT_NAME = "$(TARGET_NAME)";
				SWIFT_VERSION = 4.0;
				TARGETED_DEVICE_FAMILY = "1,2";
				TEST_HOST = "$(BUILT_PRODUCTS_DIR)/whatsThat.app/whatsThat";
			};
			name = Release;
		};
		95EBD0291F34F77800B76491 /* Debug */ = {
			isa = XCBuildConfiguration;
			buildSettings = {
				ALWAYS_EMBED_SWIFT_STANDARD_LIBRARIES = YES;
				DEVELOPMENT_TEAM = 945V6ZBHK3;
				INFOPLIST_FILE = whatsThatUITests/Info.plist;
				LD_RUNPATH_SEARCH_PATHS = "$(inherited) @executable_path/Frameworks @loader_path/Frameworks";
				PRODUCT_BUNDLE_IDENTIFIER = com.andreio.whatsThatUITests;
				PRODUCT_NAME = "$(TARGET_NAME)";
				SWIFT_VERSION = 4.0;
				TARGETED_DEVICE_FAMILY = "1,2";
				TEST_TARGET_NAME = whatsThat;
			};
			name = Debug;
		};
		95EBD02A1F34F77800B76491 /* Release */ = {
			isa = XCBuildConfiguration;
			buildSettings = {
				ALWAYS_EMBED_SWIFT_STANDARD_LIBRARIES = YES;
				DEVELOPMENT_TEAM = 945V6ZBHK3;
				INFOPLIST_FILE = whatsThatUITests/Info.plist;
				LD_RUNPATH_SEARCH_PATHS = "$(inherited) @executable_path/Frameworks @loader_path/Frameworks";
				PRODUCT_BUNDLE_IDENTIFIER = com.andreio.whatsThatUITests;
				PRODUCT_NAME = "$(TARGET_NAME)";
				SWIFT_VERSION = 4.0;
				TARGETED_DEVICE_FAMILY = "1,2";
				TEST_TARGET_NAME = whatsThat;
			};
			name = Release;
		};
/* End XCBuildConfiguration section */

/* Begin XCConfigurationList section */
		95EBCFF51F34F77700B76491 /* Build configuration list for PBXProject "whatsThat" */ = {
			isa = XCConfigurationList;
			buildConfigurations = (
				95EBD0201F34F77800B76491 /* Debug */,
				95EBD0211F34F77800B76491 /* Release */,
			);
			defaultConfigurationIsVisible = 0;
			defaultConfigurationName = Release;
		};
		95EBD0221F34F77800B76491 /* Build configuration list for PBXNativeTarget "whatsThat" */ = {
			isa = XCConfigurationList;
			buildConfigurations = (
				95EBD0231F34F77800B76491 /* Debug */,
				95EBD0241F34F77800B76491 /* Release */,
			);
			defaultConfigurationIsVisible = 0;
			defaultConfigurationName = Release;
		};
		95EBD0251F34F77800B76491 /* Build configuration list for PBXNativeTarget "whatsThatTests" */ = {
			isa = XCConfigurationList;
			buildConfigurations = (
				95EBD0261F34F77800B76491 /* Debug */,
				95EBD0271F34F77800B76491 /* Release */,
			);
			defaultConfigurationIsVisible = 0;
			defaultConfigurationName = Release;
		};
		95EBD0281F34F77800B76491 /* Build configuration list for PBXNativeTarget "whatsThatUITests" */ = {
			isa = XCConfigurationList;
			buildConfigurations = (
				95EBD0291F34F77800B76491 /* Debug */,
				95EBD02A1F34F77800B76491 /* Release */,
			);
			defaultConfigurationIsVisible = 0;
			defaultConfigurationName = Release;
		};
/* End XCConfigurationList section */
	};
	rootObject = 95EBCFF21F34F77700B76491 /* Project object */;
}
